
Microsoft Visual Studio Solution File, Format Version 12.00
# Visual Studio Version 16
VisualStudioVersion = 16.0.32428.217
MinimumVisualStudioVersion = 10.0.40219.1
Project("{FAE04EC0-301F-11D3-BF4B-00C04F79EFBC}") = "day25_03", "day25_03\day25_03.csproj", "{DCCED6FC-DBF4-4D25-AEE2-C59EDE287996}"
EndProject
Global
	GlobalSection(SolutionConfigurationPlatforms) = preSolution
		Debug|Any CPU = Debug|Any CPU
		Release|Any CPU = Release|Any CPU
	EndGlobalSection
	GlobalSection(ProjectConfigurationPlatforms) = postSolution
		{DCCED6FC-DBF4-4D25-AEE2-C59EDE287996}.Debug|Any CPU.ActiveCfg = Debug|Any CPU
		{DCCED6FC-DBF4-4D25-AEE2-C59EDE287996}.Debug|Any CPU.Build.0 = Debug|Any CPU
		{DCCED6FC-DBF4-4D25-AEE2-C59EDE287996}.Release|Any CPU.ActiveCfg = Release|Any CPU
		{DCCED6FC-DBF4-4D25-AEE2-C59EDE287996}.Release|Any CPU.Build.0 = Release|Any CPU
	EndGlobalSection
	GlobalSection(SolutionProperties) = preSolution
		HideSolutionNode = FALSE
	EndGlobalSection
	GlobalSection(ExtensibilityGlobals) = postSolution
		SolutionGuid = {ABF6E4C9-3089-4820-B1E3-E4E969947DF7}
	EndGlobalSection
EndGlobal
